
Microsoft Visual Studio Solution File, Format Version 12.00
# Visual Studio Version 17
VisualStudioVersion = 17.3.32825.248
MinimumVisualStudioVersion = 10.0.40219.1
Project("{FAE04EC0-301F-11D3-BF4B-00C04F79EFBC}") = "DiceAPI", "DiceAPI\DiceAPI.csproj", "{BCD76713-D684-433E-B58C-5DBF0EF9F66C}"
EndProject
Project("{FAE04EC0-301F-11D3-BF4B-00C04F79EFBC}") = "DiceLib", "ClassLib\DiceLib.csproj", "{C7F2E2F8-1FB3-4870-9EB2-C9ADC3AF88D4}"
EndProject
Project("{FAE04EC0-301F-11D3-BF4B-00C04F79EFBC}") = "DiceLibTests", "DiceLibTests\DiceLibTests.csproj", "{FCD3968F-5502-4B2D-AB12-77DC6D04A2B3}"
EndProject
Global
	GlobalSection(SolutionConfigurationPlatforms) = preSolution
		Debug|Any CPU = Debug|Any CPU
		Release|Any CPU = Release|Any CPU
	EndGlobalSection
	GlobalSection(ProjectConfigurationPlatforms) = postSolution
		{BCD76713-D684-433E-B58C-5DBF0EF9F66C}.Debug|Any CPU.ActiveCfg = Debug|Any CPU
		{BCD76713-D684-433E-B58C-5DBF0EF9F66C}.Debug|Any CPU.Build.0 = Debug|Any CPU
		{BCD76713-D684-433E-B58C-5DBF0EF9F66C}.Release|Any CPU.ActiveCfg = Release|Any CPU
		{BCD76713-D684-433E-B58C-5DBF0EF9F66C}.Release|Any CPU.Build.0 = Release|Any CPU
		{C7F2E2F8-1FB3-4870-9EB2-C9ADC3AF88D4}.Debug|Any CPU.ActiveCfg = Debug|Any CPU
		{C7F2E2F8-1FB3-4870-9EB2-C9ADC3AF88D4}.Debug|Any CPU.Build.0 = Debug|Any CPU
		{C7F2E2F8-1FB3-4870-9EB2-C9ADC3AF88D4}.Release|Any CPU.ActiveCfg = Release|Any CPU
		{C7F2E2F8-1FB3-4870-9EB2-C9ADC3AF88D4}.Release|Any CPU.Build.0 = Release|Any CPU
		{FCD3968F-5502-4B2D-AB12-77DC6D04A2B3}.Debug|Any CPU.ActiveCfg = Debug|Any CPU
		{FCD3968F-5502-4B2D-AB12-77DC6D04A2B3}.Debug|Any CPU.Build.0 = Debug|Any CPU
		{FCD3968F-5502-4B2D-AB12-77DC6D04A2B3}.Release|Any CPU.ActiveCfg = Release|Any CPU
		{FCD3968F-5502-4B2D-AB12-77DC6D04A2B3}.Release|Any CPU.Build.0 = Release|Any CPU
	EndGlobalSection
	GlobalSection(SolutionProperties) = preSolution
		HideSolutionNode = FALSE
	EndGlobalSection
	GlobalSection(ExtensibilityGlobals) = postSolution
		SolutionGuid = {A9E1995F-5E50-499C-982D-D4742B179753}
	EndGlobalSection
EndGlobal
